
Microsoft Visual Studio Solution File, Format Version 12.00
# Visual Studio Version 16
VisualStudioVersion = 16.0.32602.291
MinimumVisualStudioVersion = 10.0.40219.1
Project("{FAE04EC0-301F-11D3-BF4B-00C04F79EFBC}") = "C-sharp OOP", "C-sharp OOP\C-sharp OOP.csproj", "{48E11FC2-9FDC-4136-9702-F103A1594E0E}"
EndProject
Global
	GlobalSection(SolutionConfigurationPlatforms) = preSolution
		Debug|Any CPU = Debug|Any CPU
		Release|Any CPU = Release|Any CPU
	EndGlobalSection
	GlobalSection(ProjectConfigurationPlatforms) = postSolution
		{48E11FC2-9FDC-4136-9702-F103A1594E0E}.Debug|Any CPU.ActiveCfg = Debug|Any CPU
		{48E11FC2-9FDC-4136-9702-F103A1594E0E}.Debug|Any CPU.Build.0 = Debug|Any CPU
		{48E11FC2-9FDC-4136-9702-F103A1594E0E}.Release|Any CPU.ActiveCfg = Release|Any CPU
		{48E11FC2-9FDC-4136-9702-F103A1594E0E}.Release|Any CPU.Build.0 = Release|Any CPU
	EndGlobalSection
	GlobalSection(SolutionProperties) = preSolution
		HideSolutionNode = FALSE
	EndGlobalSection
	GlobalSection(ExtensibilityGlobals) = postSolution
		SolutionGuid = {851B4A0B-BCE3-4C5C-9886-A6F104A66770}
	EndGlobalSection
EndGlobal
